
Microsoft Visual Studio Solution File, Format Version 12.00
# Visual Studio Version 16
VisualStudioVersion = 16.0.30804.86
MinimumVisualStudioVersion = 10.0.40219.1
Project("{FAE04EC0-301F-11D3-BF4B-00C04F79EFBC}") = "MyGameProject.Business", "MyGameProject.Business\MyGameProject.Business.csproj", "{F32F8B70-C6B8-4E9F-AEBF-678D1BF66B40}"
EndProject
Project("{FAE04EC0-301F-11D3-BF4B-00C04F79EFBC}") = "MyGameProject.DataAccess", "MyGameProject.DataAccess\MyGameProject.DataAccess.csproj", "{667A9D22-85FF-4C4C-A4CC-24D7C50AD65E}"
EndProject
Project("{FAE04EC0-301F-11D3-BF4B-00C04F79EFBC}") = "MyGameProject.Core", "MyGameProject.Core\MyGameProject.Core.csproj", "{CC019491-A1D9-461B-A452-4F47BFB72717}"
EndProject
Project("{FAE04EC0-301F-11D3-BF4B-00C04F79EFBC}") = "MyGameProject.Entities", "MyGameProject.Entities\MyGameProject.Entities.csproj", "{C0C32296-7DAC-4428-87D4-C555D726200A}"
EndProject
Project("{FAE04EC0-301F-11D3-BF4B-00C04F79EFBC}") = "MyGameProject.ConsoleApp", "MyGameProject.ConsoleApp\MyGameProject.ConsoleApp.csproj", "{C913041C-9CC0-45D3-99C0-E90A467CC657}"
EndProject
Global
	GlobalSection(SolutionConfigurationPlatforms) = preSolution
		Debug|Any CPU = Debug|Any CPU
		Release|Any CPU = Release|Any CPU
	EndGlobalSection
	GlobalSection(ProjectConfigurationPlatforms) = postSolution
		{F32F8B70-C6B8-4E9F-AEBF-678D1BF66B40}.Debug|Any CPU.ActiveCfg = Debug|Any CPU
		{F32F8B70-C6B8-4E9F-AEBF-678D1BF66B40}.Debug|Any CPU.Build.0 = Debug|Any CPU
		{F32F8B70-C6B8-4E9F-AEBF-678D1BF66B40}.Release|Any CPU.ActiveCfg = Release|Any CPU
		{F32F8B70-C6B8-4E9F-AEBF-678D1BF66B40}.Release|Any CPU.Build.0 = Release|Any CPU
		{667A9D22-85FF-4C4C-A4CC-24D7C50AD65E}.Debug|Any CPU.ActiveCfg = Debug|Any CPU
		{667A9D22-85FF-4C4C-A4CC-24D7C50AD65E}.Debug|Any CPU.Build.0 = Debug|Any CPU
		{667A9D22-85FF-4C4C-A4CC-24D7C50AD65E}.Release|Any CPU.ActiveCfg = Release|Any CPU
		{667A9D22-85FF-4C4C-A4CC-24D7C50AD65E}.Release|Any CPU.Build.0 = Release|Any CPU
		{CC019491-A1D9-461B-A452-4F47BFB72717}.Debug|Any CPU.ActiveCfg = Debug|Any CPU
		{CC019491-A1D9-461B-A452-4F47BFB72717}.Debug|Any CPU.Build.0 = Debug|Any CPU
		{CC019491-A1D9-461B-A452-4F47BFB72717}.Release|Any CPU.ActiveCfg = Release|Any CPU
		{CC019491-A1D9-461B-A452-4F47BFB72717}.Release|Any CPU.Build.0 = Release|Any CPU
		{C0C32296-7DAC-4428-87D4-C555D726200A}.Debug|Any CPU.ActiveCfg = Debug|Any CPU
		{C0C32296-7DAC-4428-87D4-C555D726200A}.Debug|Any CPU.Build.0 = Debug|Any CPU
		{C0C32296-7DAC-4428-87D4-C555D726200A}.Release|Any CPU.ActiveCfg = Release|Any CPU
		{C0C32296-7DAC-4428-87D4-C555D726200A}.Release|Any CPU.Build.0 = Release|Any CPU
		{C913041C-9CC0-45D3-99C0-E90A467CC657}.Debug|Any CPU.ActiveCfg = Debug|Any CPU
		{C913041C-9CC0-45D3-99C0-E90A467CC657}.Debug|Any CPU.Build.0 = Debug|Any CPU
		{C913041C-9CC0-45D3-99C0-E90A467CC657}.Release|Any CPU.ActiveCfg = Release|Any CPU
		{C913041C-9CC0-45D3-99C0-E90A467CC657}.Release|Any CPU.Build.0 = Release|Any CPU
	EndGlobalSection
	GlobalSection(SolutionProperties) = preSolution
		HideSolutionNode = FALSE
	EndGlobalSection
	GlobalSection(ExtensibilityGlobals) = postSolution
		SolutionGuid = {E91A5B93-1604-4EC6-90DA-4B8328343A1F}
	EndGlobalSection
EndGlobal
